
Microsoft Visual Studio Solution File, Format Version 12.00
# Visual Studio Version 17
VisualStudioVersion = 17.5.33516.290
MinimumVisualStudioVersion = 10.0.40219.1
Project("{FAE04EC0-301F-11D3-BF4B-00C04F79EFBC}") = "WMMT Toolbox", "WMMT Toolbox\WMMT Toolbox.csproj", "{BA92F894-B288-4054-B96B-F213455CC887}"
EndProject
Global
	GlobalSection(SolutionConfigurationPlatforms) = preSolution
		Debug|Any CPU = Debug|Any CPU
		Release|Any CPU = Release|Any CPU
	EndGlobalSection
	GlobalSection(ProjectConfigurationPlatforms) = postSolution
		{BA92F894-B288-4054-B96B-F213455CC887}.Debug|Any CPU.ActiveCfg = Debug|Any CPU
		{BA92F894-B288-4054-B96B-F213455CC887}.Debug|Any CPU.Build.0 = Debug|Any CPU
		{BA92F894-B288-4054-B96B-F213455CC887}.Release|Any CPU.ActiveCfg = Release|Any CPU
		{BA92F894-B288-4054-B96B-F213455CC887}.Release|Any CPU.Build.0 = Release|Any CPU
	EndGlobalSection
	GlobalSection(SolutionProperties) = preSolution
		HideSolutionNode = FALSE
	EndGlobalSection
	GlobalSection(ExtensibilityGlobals) = postSolution
		SolutionGuid = {2953B4D4-018A-43C8-8A73-34BAAA613555}
	EndGlobalSection
EndGlobal
